
Microsoft Visual Studio Solution File, Format Version 12.00
# Visual Studio 2013
VisualStudioVersion = 12.0.21005.1
MinimumVisualStudioVersion = 10.0.40219.1
Project("{FAE04EC0-301F-11D3-BF4B-00C04F79EFBC}") = "Game15", "Game15.csproj", "{315457B2-F729-4ECC-B4B3-A0C4D0B226CD}"
EndProject
Project("{FAE04EC0-301F-11D3-BF4B-00C04F79EFBC}") = "Game.Common", "..\Game.Common\Game.Common.csproj", "{8A191F55-498D-4652-8FAF-880AC749D5B8}"
EndProject
Global
	GlobalSection(SolutionConfigurationPlatforms) = preSolution
		Debug|Any CPU = Debug|Any CPU
		Debug|Mixed Platforms = Debug|Mixed Platforms
		Debug|x86 = Debug|x86
		Release|Any CPU = Release|Any CPU
		Release|Mixed Platforms = Release|Mixed Platforms
		Release|x86 = Release|x86
	EndGlobalSection
	GlobalSection(ProjectConfigurationPlatforms) = postSolution
		{315457B2-F729-4ECC-B4B3-A0C4D0B226CD}.Debug|Any CPU.ActiveCfg = Debug|x86
		{315457B2-F729-4ECC-B4B3-A0C4D0B226CD}.Debug|Mixed Platforms.ActiveCfg = Debug|x86
		{315457B2-F729-4ECC-B4B3-A0C4D0B226CD}.Debug|Mixed Platforms.Build.0 = Debug|x86
		{315457B2-F729-4ECC-B4B3-A0C4D0B226CD}.Debug|x86.ActiveCfg = Debug|x86
		{315457B2-F729-4ECC-B4B3-A0C4D0B226CD}.Debug|x86.Build.0 = Debug|x86
		{315457B2-F729-4ECC-B4B3-A0C4D0B226CD}.Release|Any CPU.ActiveCfg = Release|x86
		{315457B2-F729-4ECC-B4B3-A0C4D0B226CD}.Release|Mixed Platforms.ActiveCfg = Release|x86
		{315457B2-F729-4ECC-B4B3-A0C4D0B226CD}.Release|Mixed Platforms.Build.0 = Release|x86
		{315457B2-F729-4ECC-B4B3-A0C4D0B226CD}.Release|x86.ActiveCfg = Release|x86
		{315457B2-F729-4ECC-B4B3-A0C4D0B226CD}.Release|x86.Build.0 = Release|x86
		{8A191F55-498D-4652-8FAF-880AC749D5B8}.Debug|Any CPU.ActiveCfg = Debug|Any CPU
		{8A191F55-498D-4652-8FAF-880AC749D5B8}.Debug|Any CPU.Build.0 = Debug|Any CPU
		{8A191F55-498D-4652-8FAF-880AC749D5B8}.Debug|Mixed Platforms.ActiveCfg = Debug|Any CPU
		{8A191F55-498D-4652-8FAF-880AC749D5B8}.Debug|Mixed Platforms.Build.0 = Debug|Any CPU
		{8A191F55-498D-4652-8FAF-880AC749D5B8}.Debug|x86.ActiveCfg = Debug|Any CPU
		{8A191F55-498D-4652-8FAF-880AC749D5B8}.Release|Any CPU.ActiveCfg = Release|Any CPU
		{8A191F55-498D-4652-8FAF-880AC749D5B8}.Release|Any CPU.Build.0 = Release|Any CPU
		{8A191F55-498D-4652-8FAF-880AC749D5B8}.Release|Mixed Platforms.ActiveCfg = Release|Any CPU
		{8A191F55-498D-4652-8FAF-880AC749D5B8}.Release|Mixed Platforms.Build.0 = Release|Any CPU
		{8A191F55-498D-4652-8FAF-880AC749D5B8}.Release|x86.ActiveCfg = Release|Any CPU
	EndGlobalSection
	GlobalSection(SolutionProperties) = preSolution
		HideSolutionNode = FALSE
	EndGlobalSection
EndGlobal
